{
  "_readme": [
	"This file locks the dependencies of your project to a known state",
	"Read more about it at https://getcomposer.org/doc/01-basic-usage.md#installing-dependencies",
	"This file is @generated automatically"
  ],
  "content-hash": "bd510861a4f307153081ed479afc4dd3",
  "packages": [
	{
	  "name": "facebook/graph-sdk",
	  "version": "5.7.0",
	  "source": {
		"type": "git",
		"url": "https://github.com/facebook/php-graph-sdk.git",
		"reference": "2d8250638b33d73e7a87add65f47fabf91f8ad9b"
	  },
	  "dist": {
		"type": "zip",
		"url": "https://api.github.com/repos/facebook/php-graph-sdk/zipball/2d8250638b33d73e7a87add65f47fabf91f8ad9b",
		"reference": "2d8250638b33d73e7a87add65f47fabf91f8ad9b",
		"shasum": ""
	  },
            "require": {
                "php": "^5.4|^7.0"
            },
            "require-dev": {
                "guzzlehttp/guzzle": "~5.0",
                "mockery/mockery": "~0.8",
                "phpunit/phpunit": "~4.0"
            },
            "suggest": {
                "guzzlehttp/guzzle": "Allows for implementation of the Guzzle HTTP client",
                "paragonie/random_compat": "Provides a better CSPRNG option in PHP 5"
            },
            "type": "library",
            "extra": {
                "branch-alias": {
                    "dev-master": "5.x-dev"
                }
            },
            "autoload": {
                "psr-4": {
                    "Facebook\\": "src/Facebook/"
                },
                "files": [
                    "src/Facebook/polyfills.php"
                ]
            },
            "notification-url": "https://packagist.org/downloads/",
            "license": [
                "Facebook Platform"
            ],
            "authors": [
                {
                    "name": "Facebook",
                    "homepage": "https://github.com/facebook/php-graph-sdk/contributors"
                }
            ],
            "description": "Facebook SDK for PHP",
            "homepage": "https://github.com/facebook/php-graph-sdk",
            "keywords": [
                "facebook",
                "sdk"
            ],
	  "time": "2018-12-11T22:56:31+00:00"
        },
	{
	  "name": "orpheus/orpheus-cache",
	  "version": "v1.1.0",
	  "source": {
		"type": "git",
		"url": "https://github.com/Sowapps/orpheus-cache.git",
		"reference": "ffe57a1e3600b93f5b8e58bb901cdf32d789791e"
	  },
	  "dist": {
		"type": "zip",
		"url": "https://api.github.com/repos/Sowapps/orpheus-cache/zipball/ffe57a1e3600b93f5b8e58bb901cdf32d789791e",
		"reference": "ffe57a1e3600b93f5b8e58bb901cdf32d789791e",
		"shasum": ""
	  },
            "type": "library",
            "autoload": {
                "psr-4": {
                    "Orpheus\\": "src"
                }
            },
            "notification-url": "https://packagist.org/downloads/",
            "license": [
                "MIT"
            ],
            "authors": [
                {
                    "name": "Florent HAZARD",
                    "email": "contact@sowapps.com",
                    "homepage": "http://sowapps.com",
                    "role": "Developer"
                }
            ],
            "description": "Orpheus Cache",
            "keywords": [
                "apc",
                "cache",
                "filesystem",
                "orpheus"
            ],
	  "time": "2020-02-13T10:11:20+00:00"
        },
	{
	  "name": "orpheus/orpheus-core",
	  "version": "v1.4.2",
	  "source": {
		"type": "git",
		"url": "https://github.com/Sowapps/orpheus-core.git",
		"reference": "a0e80b61e9399a43e6a23825210796a324ab02d0"
	  },
	  "dist": {
		"type": "zip",
		"url": "https://api.github.com/repos/Sowapps/orpheus-core/zipball/a0e80b61e9399a43e6a23825210796a324ab02d0",
		"reference": "a0e80b61e9399a43e6a23825210796a324ab02d0",
		"shasum": ""
	  },
            "require": {
			  "orpheus/orpheus-hook": "1.*"
            },
            "type": "library",
            "autoload": {
                "psr-4": {
                    "Orpheus\\": "src"
                },
                "files": [
                    "src/_loader.php"
                ]
            },
            "notification-url": "https://packagist.org/downloads/",
            "license": [
                "MIT"
            ],
            "authors": [
                {
                    "name": "Florent HAZARD",
                    "email": "contact@sowapps.com",
                    "homepage": "http://sowapps.com",
                    "role": "Developer"
                }
            ],
            "description": "Orpheus Core",
            "keywords": [
                "core",
                "orpheus"
            ],
	  "time": "2020-04-01T12:56:24+00:00"
        },
	{
	  "name": "orpheus/orpheus-hook",
	  "version": "v1.0.1",
	  "source": {
		"type": "git",
		"url": "https://github.com/Sowapps/orpheus-hook.git",
		"reference": "c5c465e31f2e6c854ac62d75563a5e8fb55aa4ae"
	  },
	  "dist": {
		"type": "zip",
		"url": "https://api.github.com/repos/Sowapps/orpheus-hook/zipball/c5c465e31f2e6c854ac62d75563a5e8fb55aa4ae",
		"reference": "c5c465e31f2e6c854ac62d75563a5e8fb55aa4ae",
		"shasum": ""
	  },
            "type": "library",
            "autoload": {
                "psr-4": {
                    "Orpheus\\": "src"
                },
                "files": [
                    "src/_loader.php"
                ]
            },
            "notification-url": "https://packagist.org/downloads/",
            "license": [
                "MIT"
            ],
            "authors": [
                {
                    "name": "Florent HAZARD",
                    "email": "contact@sowapps.com",
                    "homepage": "http://sowapps.com",
                    "role": "Developer"
                }
            ],
            "description": "Orpheus Hook",
            "homepage": "https://github.com/Sowapps/orpheus-hook",
            "keywords": [
                "HOOK",
                "event",
                "orpheus"
            ],
	  "time": "2020-03-10T20:19:19+00:00"
        },
	{
	  "name": "orpheus/orpheus-inputcontroller",
	  "version": "v1.6.0",
	  "source": {
		"type": "git",
		"url": "https://github.com/Sowapps/orpheus-inputcontroller.git",
		"reference": "c0e3a535d2f617562bd04371cd8ed3b31f206a6f"
	  },
	  "dist": {
		"type": "zip",
		"url": "https://api.github.com/repos/Sowapps/orpheus-inputcontroller/zipball/c0e3a535d2f617562bd04371cd8ed3b31f206a6f",
		"reference": "c0e3a535d2f617562bd04371cd8ed3b31f206a6f",
		"shasum": ""
	  },
            "require": {
			  "orpheus/orpheus-cache": "1.*",
			  "orpheus/orpheus-core": "1.*",
			  "orpheus/orpheus-hook": "1.*",
			  "orpheus/orpheus-rendering": "1.*",
			  "orpheus/orpheus-webtools": "1.*",
			  "orpheus/orpheus-yaml": "1.*"
			},
            "type": "library",
            "autoload": {
                "psr-4": {
                    "Orpheus\\": "src"
                },
                "files": [
                    "src/_loader.php"
                ]
            },
            "notification-url": "https://packagist.org/downloads/",
            "license": [
                "MIT"
            ],
            "authors": [
                {
                    "name": "Florent HAZARD",
                    "email": "contact@sowapps.com",
                    "homepage": "http://sowapps.com",
                    "role": "Developer"
                }
            ],
            "description": "Orpheus Input Controller",
            "keywords": [
                "controller",
                "input",
                "model",
                "mvc",
                "orpheus",
                "view"
            ],
	  "time": "2020-05-01T08:44:52+00:00"
        },
	{
	  "name": "orpheus/orpheus-rendering",
	  "version": "v1.2.0",
	  "source": {
		"type": "git",
		"url": "https://github.com/Sowapps/orpheus-rendering.git",
		"reference": "98ffeaaf18da0743832ea376e43d8432e793c97b"
	  },
	  "dist": {
		"type": "zip",
		"url": "https://api.github.com/repos/Sowapps/orpheus-rendering/zipball/98ffeaaf18da0743832ea376e43d8432e793c97b",
		"reference": "98ffeaaf18da0743832ea376e43d8432e793c97b",
		"shasum": ""
	  },
            "require": {
			  "orpheus/orpheus-core": "1.*",
			  "orpheus/orpheus-hook": "1.*"
			},
            "type": "library",
            "autoload": {
                "psr-4": {
                    "Orpheus\\": "src"
                },
                "files": [
                    "src/_loader.php"
                ]
            },
            "notification-url": "https://packagist.org/downloads/",
            "license": [
                "MIT"
            ],
            "authors": [
                {
                    "name": "Florent HAZARD",
                    "email": "contact@sowapps.com",
                    "homepage": "http://sowapps.com",
                    "role": "Developer"
                }
            ],
            "description": "Orpheus Rendering",
            "keywords": [
                "Rendering",
                "orpheus"
            ],
	  "time": "2020-04-03T17:15:31+00:00"
        },
	{
	  "name": "orpheus/orpheus-webtools",
	  "version": "v1.2.1",
	  "source": {
		"type": "git",
		"url": "https://github.com/Sowapps/orpheus-webtools.git",
		"reference": "61ec7db30b1e348718cbbee040b2a6b1a20ebdbb"
	  },
	  "dist": {
		"type": "zip",
		"url": "https://api.github.com/repos/Sowapps/orpheus-webtools/zipball/61ec7db30b1e348718cbbee040b2a6b1a20ebdbb",
		"reference": "61ec7db30b1e348718cbbee040b2a6b1a20ebdbb",
		"shasum": ""
	  },
            "require": {
			  "orpheus/orpheus-cache": "1.*",
			  "orpheus/orpheus-core": "1.*",
			  "orpheus/orpheus-hook": "1.*"
			},
            "type": "library",
            "autoload": {
                "psr-4": {
                    "Orpheus\\": "src"
                }
            },
            "notification-url": "https://packagist.org/downloads/",
            "license": [
                "MIT"
            ],
            "authors": [
                {
                    "name": "Florent HAZARD",
                    "email": "contact@sowapps.com",
                    "homepage": "http://sowapps.com",
                    "role": "Developer"
                }
            ],
            "description": "Orpheus WebTools",
            "keywords": [
                "configuration",
                "email",
                "generator",
                "orpheus",
                "password",
                "slug",
                "tools",
                "web"
            ],
	  "time": "2020-04-14T08:00:51+00:00"
        },
	{
	  "name": "orpheus/orpheus-yaml",
	  "version": "v1.0.0",
	  "source": {
		"type": "git",
		"url": "https://github.com/Sowapps/orpheus-yaml.git",
		"reference": "7f5c2ed5379243aa9db588810ac782da53b96ddf"
	  },
	  "dist": {
		"type": "zip",
		"url": "https://api.github.com/repos/Sowapps/orpheus-yaml/zipball/7f5c2ed5379243aa9db588810ac782da53b96ddf",
		"reference": "7f5c2ed5379243aa9db588810ac782da53b96ddf",
		"shasum": ""
	  },
            "require": {
			  "orpheus/orpheus-core": "1.*"
            },
            "type": "library",
            "autoload": {
                "psr-4": {
                    "Orpheus\\": "src"
                }
            },
            "notification-url": "https://packagist.org/downloads/",
            "license": [
                "MIT"
            ],
            "authors": [
                {
                    "name": "Florent HAZARD",
                    "email": "contact@sowapps.com",
                    "homepage": "http://sowapps.com",
                    "role": "Developer"
                }
            ],
	  "description": "Orpheus YAML",
	  "keywords": [
		"orpheus",
		"yaml"
	  ],
	  "time": "2020-02-17T13:07:54+00:00"
	}
  ],
  "packages-dev": [],
  "aliases": [],
  "minimum-stability": "stable",
  "stability-flags": [],
  "prefer-stable": false,
  "prefer-lowest": false,
  "platform": {
	"php": ">=5.6"
  },
  "platform-dev": [],
  "plugin-api-version": "1.1.0"
}
